// !$*UTF8*$!
{
	archiveVersion = 1;
	classes = {
	};
	objectVersion = 70;
	objects = {

/* Begin PBXBuildFile section */
		080EDEFB21B6DA7E00813479 /* EssentialFeed.framework in Frameworks */ = {isa = PBXBuildFile; fileRef = 080EDEF121B6DA7E00813479 /* EssentialFeed.framework */; };
		080EDF0C21B6DAE800813479 /* FeedImage.swift in Sources */ = {isa = PBXBuildFile; fileRef = 080EDF0B21B6DAE800813479 /* FeedImage.swift */; };
		080EDF0E21B6DCB600813479 /* FeedLoader.swift in Sources */ = {isa = PBXBuildFile; fileRef = 080EDF0D21B6DCB600813479 /* FeedLoader.swift */; };
		7E0E18382DD567D6009B9F38 /* FeedPresenterTests.swift in Sources */ = {isa = PBXBuildFile; fileRef = 7E0E18372DD567D6009B9F38 /* FeedPresenterTests.swift */; };
		7E0E183D2DD57830009B9F38 /* FeedPresenter.swift in Sources */ = {isa = PBXBuildFile; fileRef = 7E0E183C2DD57830009B9F38 /* FeedPresenter.swift */; };
		7E0E183E2DD57911009B9F38 /* Feed.xcstrings in Resources */ = {isa = PBXBuildFile; fileRef = 7E0E18392DD57652009B9F38 /* Feed.xcstrings */; };
		7E0E18402DD57957009B9F38 /* FeedLoadingViewModel.swift in Sources */ = {isa = PBXBuildFile; fileRef = 7E0E183F2DD57957009B9F38 /* FeedLoadingViewModel.swift */; };
		7E0E18422DD57974009B9F38 /* FeedErrorViewModel.swift in Sources */ = {isa = PBXBuildFile; fileRef = 7E0E18412DD57974009B9F38 /* FeedErrorViewModel.swift */; };
		7E0E18442DD579AB009B9F38 /* FeedViewModel.swift in Sources */ = {isa = PBXBuildFile; fileRef = 7E0E18432DD579AB009B9F38 /* FeedViewModel.swift */; };
		7E0E18992DD57BB4009B9F38 /* FeedLocalizationTests.swift in Sources */ = {isa = PBXBuildFile; fileRef = 7E0E18832DD57BB4009B9F38 /* FeedLocalizationTests.swift */; };
		7E0E189D2DD65222009B9F38 /* FeedImagePresenterTests.swift in Sources */ = {isa = PBXBuildFile; fileRef = 7E0E189C2DD65222009B9F38 /* FeedImagePresenterTests.swift */; };
		7E0E190F2DD666BA009B9F38 /* FeedImageDataLoader.swift in Sources */ = {isa = PBXBuildFile; fileRef = 7E0E18FE2DD666BA009B9F38 /* FeedImageDataLoader.swift */; };
		7E0E19392DD666C7009B9F38 /* FeedImagePresenter.swift in Sources */ = {isa = PBXBuildFile; fileRef = 7E0E19382DD666C7009B9F38 /* FeedImagePresenter.swift */; };
		7E0E193B2DD66702009B9F38 /* FeedImageViewModel.swift in Sources */ = {isa = PBXBuildFile; fileRef = 7E0E193A2DD66702009B9F38 /* FeedImageViewModel.swift */; };
		7E2A1FDC2D62BA3900AB7E92 /* FeedStoreSpecs.swift in Sources */ = {isa = PBXBuildFile; fileRef = 7E2A1FDB2D62BA3900AB7E92 /* FeedStoreSpecs.swift */; };
		7E2A1FE02D62BD1900AB7E92 /* XCTestCase+FeedStoreSpecs.swift in Sources */ = {isa = PBXBuildFile; fileRef = 7E2A1FDF2D62BD1900AB7E92 /* XCTestCase+FeedStoreSpecs.swift */; };
		7E54581E2D7E08570082FF67 /* EssentialFeed.framework in Frameworks */ = {isa = PBXBuildFile; fileRef = 080EDEF121B6DA7E00813479 /* EssentialFeed.framework */; platformFilter = ios; };
		7E54581F2D7E08570082FF67 /* EssentialFeed.framework in Embed Frameworks */ = {isa = PBXBuildFile; fileRef = 080EDEF121B6DA7E00813479 /* EssentialFeed.framework */; platformFilter = ios; settings = {ATTRIBUTES = (CodeSignOnCopy, RemoveHeadersOnCopy, ); }; };
		7E5458232D7E0C5B0082FF67 /* XCTestCase+MemoryLeakTracker.swift in Sources */ = {isa = PBXBuildFile; fileRef = 7E9233052D2F5A0900DDD459 /* XCTestCase+MemoryLeakTracker.swift */; };
		7E5BFA7B2D6B9FC300BDB3D4 /* EssentialFeed.framework in Frameworks */ = {isa = PBXBuildFile; fileRef = 080EDEF121B6DA7E00813479 /* EssentialFeed.framework */; };
		7E5BFA822D6BA25D00BDB3D4 /* XCTestCase+MemoryLeakTracker.swift in Sources */ = {isa = PBXBuildFile; fileRef = 7E9233052D2F5A0900DDD459 /* XCTestCase+MemoryLeakTracker.swift */; };
		7E5BFA872D6BA63D00BDB3D4 /* FeedCacheHelpers.swift in Sources */ = {isa = PBXBuildFile; fileRef = 7EF54F552D4FF40B0044CA16 /* FeedCacheHelpers.swift */; };
		7E5BFA882D6BA64D00BDB3D4 /* SharedTestHelpers.swift in Sources */ = {isa = PBXBuildFile; fileRef = 7EF54F572D4FF51E0044CA16 /* SharedTestHelpers.swift */; };
		7E664E802D66AB9500901494 /* CoreDataFeedStoreTests.swift in Sources */ = {isa = PBXBuildFile; fileRef = 7E664E7F2D66AB9500901494 /* CoreDataFeedStoreTests.swift */; };
		7E664E872D66AEC900901494 /* FeedStore.xcdatamodeld in Sources */ = {isa = PBXBuildFile; fileRef = 7E664E852D66AEC900901494 /* FeedStore.xcdatamodeld */; };
		7E71334C2D3D6FF300226FBD /* CacheFeedUseCase.swift in Sources */ = {isa = PBXBuildFile; fileRef = 7E7133492D3D6FAA00226FBD /* CacheFeedUseCase.swift */; };
		7E7531342D62C64400398966 /* XCTestCase+FailableRetrieveFeedStoreSpecs.swift in Sources */ = {isa = PBXBuildFile; fileRef = 7E7531332D62C64400398966 /* XCTestCase+FailableRetrieveFeedStoreSpecs.swift */; };
		7E7531362D62C72E00398966 /* XCTestCase+FailableInsertSpecs.swift in Sources */ = {isa = PBXBuildFile; fileRef = 7E7531352D62C72E00398966 /* XCTestCase+FailableInsertSpecs.swift */; };
		7E7531382D62C85C00398966 /* XCTestCase+FailableDeleteSpecs.swift in Sources */ = {isa = PBXBuildFile; fileRef = 7E7531372D62C85C00398966 /* XCTestCase+FailableDeleteSpecs.swift */; };
		7E9232FD2D2F54CD00DDD459 /* EssentialFeed.framework in Frameworks */ = {isa = PBXBuildFile; fileRef = 080EDEF121B6DA7E00813479 /* EssentialFeed.framework */; };
		7E9233062D2F5A0900DDD459 /* XCTestCase+MemoryLeakTracker.swift in Sources */ = {isa = PBXBuildFile; fileRef = 7E9233052D2F5A0900DDD459 /* XCTestCase+MemoryLeakTracker.swift */; };
		7E9233072D2F5A0900DDD459 /* XCTestCase+MemoryLeakTracker.swift in Sources */ = {isa = PBXBuildFile; fileRef = 7E9233052D2F5A0900DDD459 /* XCTestCase+MemoryLeakTracker.swift */; };
		7E9336562D7957C6008885D6 /* EssentialFeediOS.framework in Frameworks */ = {isa = PBXBuildFile; fileRef = 7E93364E2D7957C6008885D6 /* EssentialFeediOS.framework */; };
		7ECD396A2D1A6D1900AD14BE /* RemoteFeedLoaderTests.swift in Sources */ = {isa = PBXBuildFile; fileRef = 7ECD39692D1A6D1900AD14BE /* RemoteFeedLoaderTests.swift */; };
		7ECD396E2D1B2EB700AD14BE /* FeedApi.swift in Sources */ = {isa = PBXBuildFile; fileRef = 7ECD396D2D1B2EB700AD14BE /* FeedApi.swift */; };
		7ECD39722D2473EB00AD14BE /* HTTPClient.swift in Sources */ = {isa = PBXBuildFile; fileRef = 7ECD39712D2473EA00AD14BE /* HTTPClient.swift */; };
		7ECD39742D24741C00AD14BE /* FeedItemMapper.swift in Sources */ = {isa = PBXBuildFile; fileRef = 7ECD39732D24741C00AD14BE /* FeedItemMapper.swift */; };
		7ECD39782D2B440D00AD14BE /* URLSesstionHTTPClientTests.swift in Sources */ = {isa = PBXBuildFile; fileRef = 7ECD39772D2B440D00AD14BE /* URLSesstionHTTPClientTests.swift */; };
		7ECD397A2D2CE6F700AD14BE /* URLSessionHTTPClient.swift in Sources */ = {isa = PBXBuildFile; fileRef = 7ECD39792D2CE6F700AD14BE /* URLSessionHTTPClient.swift */; };
		7ED2DA1D2D6806F7000ACB8A /* ManagedFeedImage.swift in Sources */ = {isa = PBXBuildFile; fileRef = 7ED2DA1B2D6806F7000ACB8A /* ManagedFeedImage.swift */; };
		7ED2DA1E2D6806F7000ACB8A /* ManagedCache.swift in Sources */ = {isa = PBXBuildFile; fileRef = 7ED2DA192D6806F7000ACB8A /* ManagedCache.swift */; };
		7ED2DA212D6807A3000ACB8A /* CoreDataFeedStore.swift in Sources */ = {isa = PBXBuildFile; fileRef = 7ED2DA202D6807A3000ACB8A /* CoreDataFeedStore.swift */; };
		7ED2DA3C2D6A41E9000ACB8A /* CoreDataHelpers.swift in Sources */ = {isa = PBXBuildFile; fileRef = 7ED2DA3B2D6A41E9000ACB8A /* CoreDataHelpers.swift */; };
		7EF54F3B2D46AF290044CA16 /* LocalFeedLoader.swift in Sources */ = {isa = PBXBuildFile; fileRef = 7EF54F3A2D46AF290044CA16 /* LocalFeedLoader.swift */; };
		7EF54F3E2D46B02A0044CA16 /* FeedStore.swift in Sources */ = {isa = PBXBuildFile; fileRef = 7EF54F3D2D46B02A0044CA16 /* FeedStore.swift */; };
		7EF54F422D486AC20044CA16 /* LocalFeedImage.swift in Sources */ = {isa = PBXBuildFile; fileRef = 7EF54F412D486AC20044CA16 /* LocalFeedImage.swift */; };
		7EF54F442D486B1E0044CA16 /* RemoteFeedItem.swift in Sources */ = {isa = PBXBuildFile; fileRef = 7EF54F432D486B1E0044CA16 /* RemoteFeedItem.swift */; };
		7EF54F482D4C54790044CA16 /* LoadFeedFromCacheUseCaseTests.swift in Sources */ = {isa = PBXBuildFile; fileRef = 7EF54F472D4C54790044CA16 /* LoadFeedFromCacheUseCaseTests.swift */; };
		7EF54F4B2D4C555B0044CA16 /* FeedStoreSpy.swift in Sources */ = {isa = PBXBuildFile; fileRef = 7EF54F4A2D4C555B0044CA16 /* FeedStoreSpy.swift */; };
		7EF54F522D4FE6DE0044CA16 /* READLE.md in Resources */ = {isa = PBXBuildFile; fileRef = 7EF54F512D4FE6DE0044CA16 /* READLE.md */; };
		7EF54F542D4FEF550044CA16 /* ValidateCacheUseCaseTests.swift in Sources */ = {isa = PBXBuildFile; fileRef = 7EF54F532D4FEF550044CA16 /* ValidateCacheUseCaseTests.swift */; };
		7EF54F562D4FF40B0044CA16 /* FeedCacheHelpers.swift in Sources */ = {isa = PBXBuildFile; fileRef = 7EF54F552D4FF40B0044CA16 /* FeedCacheHelpers.swift */; };
		7EF54F582D4FF51E0044CA16 /* SharedTestHelpers.swift in Sources */ = {isa = PBXBuildFile; fileRef = 7EF54F572D4FF51E0044CA16 /* SharedTestHelpers.swift */; };
		7EF54F592D4FF51E0044CA16 /* SharedTestHelpers.swift in Sources */ = {isa = PBXBuildFile; fileRef = 7EF54F572D4FF51E0044CA16 /* SharedTestHelpers.swift */; };
		7EF54F672D51A3BB0044CA16 /* FeedCachePolicy.swift in Sources */ = {isa = PBXBuildFile; fileRef = 7EF54F662D51A3BB0044CA16 /* FeedCachePolicy.swift */; };
/* End PBXBuildFile section */

/* Begin PBXContainerItemProxy section */
		080EDEFC21B6DA7E00813479 /* PBXContainerItemProxy */ = {
			isa = PBXContainerItemProxy;
			containerPortal = 080EDEE821B6DA7E00813479 /* Project object */;
			proxyType = 1;
			remoteGlobalIDString = 080EDEF021B6DA7E00813479;
			remoteInfo = EssentialFeed;
		};
		7E5458202D7E08570082FF67 /* PBXContainerItemProxy */ = {
			isa = PBXContainerItemProxy;
			containerPortal = 080EDEE821B6DA7E00813479 /* Project object */;
			proxyType = 1;
			remoteGlobalIDString = 080EDEF021B6DA7E00813479;
			remoteInfo = EssentialFeed;
		};
		7E5BFA7C2D6B9FC300BDB3D4 /* PBXContainerItemProxy */ = {
			isa = PBXContainerItemProxy;
			containerPortal = 080EDEE821B6DA7E00813479 /* Project object */;
			proxyType = 1;
			remoteGlobalIDString = 080EDEF021B6DA7E00813479;
			remoteInfo = EssentialFeed;
		};
		7E9232FE2D2F54CD00DDD459 /* PBXContainerItemProxy */ = {
			isa = PBXContainerItemProxy;
			containerPortal = 080EDEE821B6DA7E00813479 /* Project object */;
			proxyType = 1;
			remoteGlobalIDString = 080EDEF021B6DA7E00813479;
			remoteInfo = EssentialFeed;
		};
		7E9336572D7957C6008885D6 /* PBXContainerItemProxy */ = {
			isa = PBXContainerItemProxy;
			containerPortal = 080EDEE821B6DA7E00813479 /* Project object */;
			proxyType = 1;
			remoteGlobalIDString = 7E93364D2D7957C6008885D6;
			remoteInfo = EssentialFeediOS;
		};
/* End PBXContainerItemProxy section */

/* Begin PBXCopyFilesBuildPhase section */
		7E5458222D7E08570082FF67 /* Embed Frameworks */ = {
			isa = PBXCopyFilesBuildPhase;
			buildActionMask = 2147483647;
			dstPath = "";
			dstSubfolderSpec = 10;
			files = (
				7E54581F2D7E08570082FF67 /* EssentialFeed.framework in Embed Frameworks */,
			);
			name = "Embed Frameworks";
			runOnlyForDeploymentPostprocessing = 0;
		};
/* End PBXCopyFilesBuildPhase section */

/* Begin PBXFileReference section */
		080EDEF121B6DA7E00813479 /* EssentialFeed.framework */ = {isa = PBXFileReference; explicitFileType = wrapper.framework; includeInIndex = 0; path = EssentialFeed.framework; sourceTree = BUILT_PRODUCTS_DIR; };
		080EDEF521B6DA7E00813479 /* Info.plist */ = {isa = PBXFileReference; lastKnownFileType = text.plist.xml; path = Info.plist; sourceTree = "<group>"; };
		080EDEFA21B6DA7E00813479 /* EssentialFeedTests.xctest */ = {isa = PBXFileReference; explicitFileType = wrapper.cfbundle; includeInIndex = 0; path = EssentialFeedTests.xctest; sourceTree = BUILT_PRODUCTS_DIR; };
		080EDF0121B6DA7E00813479 /* Info.plist */ = {isa = PBXFileReference; lastKnownFileType = text.plist.xml; path = Info.plist; sourceTree = "<group>"; };
		080EDF0B21B6DAE800813479 /* FeedImage.swift */ = {isa = PBXFileReference; lastKnownFileType = sourcecode.swift; path = FeedImage.swift; sourceTree = "<group>"; };
		080EDF0D21B6DCB600813479 /* FeedLoader.swift */ = {isa = PBXFileReference; lastKnownFileType = sourcecode.swift; path = FeedLoader.swift; sourceTree = "<group>"; };
		7E0E18372DD567D6009B9F38 /* FeedPresenterTests.swift */ = {isa = PBXFileReference; lastKnownFileType = sourcecode.swift; path = FeedPresenterTests.swift; sourceTree = "<group>"; };
		7E0E18392DD57652009B9F38 /* Feed.xcstrings */ = {isa = PBXFileReference; lastKnownFileType = text.json.xcstrings; path = Feed.xcstrings; sourceTree = "<group>"; };
		7E0E183C2DD57830009B9F38 /* FeedPresenter.swift */ = {isa = PBXFileReference; lastKnownFileType = sourcecode.swift; path = FeedPresenter.swift; sourceTree = "<group>"; };
		7E0E183F2DD57957009B9F38 /* FeedLoadingViewModel.swift */ = {isa = PBXFileReference; lastKnownFileType = sourcecode.swift; path = FeedLoadingViewModel.swift; sourceTree = "<group>"; };
		7E0E18412DD57974009B9F38 /* FeedErrorViewModel.swift */ = {isa = PBXFileReference; lastKnownFileType = sourcecode.swift; path = FeedErrorViewModel.swift; sourceTree = "<group>"; };
		7E0E18432DD579AB009B9F38 /* FeedViewModel.swift */ = {isa = PBXFileReference; lastKnownFileType = sourcecode.swift; path = FeedViewModel.swift; sourceTree = "<group>"; };
		7E0E18832DD57BB4009B9F38 /* FeedLocalizationTests.swift */ = {isa = PBXFileReference; lastKnownFileType = sourcecode.swift; path = FeedLocalizationTests.swift; sourceTree = "<group>"; };
		7E0E189C2DD65222009B9F38 /* FeedImagePresenterTests.swift */ = {isa = PBXFileReference; lastKnownFileType = sourcecode.swift; path = FeedImagePresenterTests.swift; sourceTree = "<group>"; };
		7E0E18FE2DD666BA009B9F38 /* FeedImageDataLoader.swift */ = {isa = PBXFileReference; lastKnownFileType = sourcecode.swift; path = FeedImageDataLoader.swift; sourceTree = "<group>"; };
		7E0E19382DD666C7009B9F38 /* FeedImagePresenter.swift */ = {isa = PBXFileReference; lastKnownFileType = sourcecode.swift; path = FeedImagePresenter.swift; sourceTree = "<group>"; };
		7E0E193A2DD66702009B9F38 /* FeedImageViewModel.swift */ = {isa = PBXFileReference; lastKnownFileType = sourcecode.swift; path = FeedImageViewModel.swift; sourceTree = "<group>"; };
		7E2A1FDB2D62BA3900AB7E92 /* FeedStoreSpecs.swift */ = {isa = PBXFileReference; lastKnownFileType = sourcecode.swift; path = FeedStoreSpecs.swift; sourceTree = "<group>"; };
		7E2A1FDF2D62BD1900AB7E92 /* XCTestCase+FeedStoreSpecs.swift */ = {isa = PBXFileReference; lastKnownFileType = sourcecode.swift; path = "XCTestCase+FeedStoreSpecs.swift"; sourceTree = "<group>"; };
		7E5457FA2D7CB0E60082FF67 /* UX-requirements.rtf */ = {isa = PBXFileReference; lastKnownFileType = text.rtf; path = "UX-requirements.rtf"; sourceTree = "<group>"; };
		7E5BFA772D6B9FC300BDB3D4 /* EssentialFeedCacheIntegrationTests.xctest */ = {isa = PBXFileReference; explicitFileType = wrapper.cfbundle; includeInIndex = 0; path = EssentialFeedCacheIntegrationTests.xctest; sourceTree = BUILT_PRODUCTS_DIR; };
		7E5BFA812D6B9FE000BDB3D4 /* EssentialFeedCacheIntegrationTests.xctestplan */ = {isa = PBXFileReference; lastKnownFileType = text; path = EssentialFeedCacheIntegrationTests.xctestplan; sourceTree = "<group>"; };
		7E664E7F2D66AB9500901494 /* CoreDataFeedStoreTests.swift */ = {isa = PBXFileReference; lastKnownFileType = sourcecode.swift; path = CoreDataFeedStoreTests.swift; sourceTree = "<group>"; };
		7E664E862D66AEC900901494 /* FeedStore.xcdatamodel */ = {isa = PBXFileReference; lastKnownFileType = wrapper.xcdatamodel; path = FeedStore.xcdatamodel; sourceTree = "<group>"; };
		7E7133492D3D6FAA00226FBD /* CacheFeedUseCase.swift */ = {isa = PBXFileReference; lastKnownFileType = sourcecode.swift; path = CacheFeedUseCase.swift; sourceTree = "<group>"; };
		7E7531332D62C64400398966 /* XCTestCase+FailableRetrieveFeedStoreSpecs.swift */ = {isa = PBXFileReference; lastKnownFileType = sourcecode.swift; path = "XCTestCase+FailableRetrieveFeedStoreSpecs.swift"; sourceTree = "<group>"; };
		7E7531352D62C72E00398966 /* XCTestCase+FailableInsertSpecs.swift */ = {isa = PBXFileReference; lastKnownFileType = sourcecode.swift; path = "XCTestCase+FailableInsertSpecs.swift"; sourceTree = "<group>"; };
		7E7531372D62C85C00398966 /* XCTestCase+FailableDeleteSpecs.swift */ = {isa = PBXFileReference; lastKnownFileType = sourcecode.swift; path = "XCTestCase+FailableDeleteSpecs.swift"; sourceTree = "<group>"; };
		7E9232F92D2F54CD00DDD459 /* EssentialFeedAPIEnd2EndTests.xctest */ = {isa = PBXFileReference; explicitFileType = wrapper.cfbundle; includeInIndex = 0; path = EssentialFeedAPIEnd2EndTests.xctest; sourceTree = BUILT_PRODUCTS_DIR; };
		7E9233032D2F563B00DDD459 /* EssentialFeedAPIEnd2EndTests.xctestplan */ = {isa = PBXFileReference; lastKnownFileType = text; path = EssentialFeedAPIEnd2EndTests.xctestplan; sourceTree = "<group>"; };
		7E9233052D2F5A0900DDD459 /* XCTestCase+MemoryLeakTracker.swift */ = {isa = PBXFileReference; lastKnownFileType = sourcecode.swift; path = "XCTestCase+MemoryLeakTracker.swift"; sourceTree = "<group>"; };
		7E9233082D2F5B2B00DDD459 /* EssentialFeed.xctestplan */ = {isa = PBXFileReference; lastKnownFileType = text; path = EssentialFeed.xctestplan; sourceTree = "<group>"; };
		7E93364E2D7957C6008885D6 /* EssentialFeediOS.framework */ = {isa = PBXFileReference; explicitFileType = wrapper.framework; includeInIndex = 0; path = EssentialFeediOS.framework; sourceTree = BUILT_PRODUCTS_DIR; };
		7E9336552D7957C6008885D6 /* EssentialFeediOSTests.xctest */ = {isa = PBXFileReference; explicitFileType = wrapper.cfbundle; includeInIndex = 0; path = EssentialFeediOSTests.xctest; sourceTree = BUILT_PRODUCTS_DIR; };
		7ECD39662D1A6CB200AD14BE /* Header.h */ = {isa = PBXFileReference; lastKnownFileType = sourcecode.c.h; path = Header.h; sourceTree = "<group>"; };
		7ECD39692D1A6D1900AD14BE /* RemoteFeedLoaderTests.swift */ = {isa = PBXFileReference; lastKnownFileType = sourcecode.swift; path = RemoteFeedLoaderTests.swift; sourceTree = "<group>"; };
		7ECD396B2D1A6DA400AD14BE /* EssentialFeedTests-Bridging-Header.h */ = {isa = PBXFileReference; lastKnownFileType = sourcecode.c.h; path = "EssentialFeedTests-Bridging-Header.h"; sourceTree = "<group>"; };
		7ECD396D2D1B2EB700AD14BE /* FeedApi.swift */ = {isa = PBXFileReference; lastKnownFileType = sourcecode.swift; path = FeedApi.swift; sourceTree = "<group>"; };
		7ECD39712D2473EA00AD14BE /* HTTPClient.swift */ = {isa = PBXFileReference; lastKnownFileType = sourcecode.swift; path = HTTPClient.swift; sourceTree = "<group>"; };
		7ECD39732D24741C00AD14BE /* FeedItemMapper.swift */ = {isa = PBXFileReference; lastKnownFileType = sourcecode.swift; path = FeedItemMapper.swift; sourceTree = "<group>"; };
		7ECD39772D2B440D00AD14BE /* URLSesstionHTTPClientTests.swift */ = {isa = PBXFileReference; lastKnownFileType = sourcecode.swift; path = URLSesstionHTTPClientTests.swift; sourceTree = "<group>"; };
		7ECD39792D2CE6F700AD14BE /* URLSessionHTTPClient.swift */ = {isa = PBXFileReference; lastKnownFileType = sourcecode.swift; path = URLSessionHTTPClient.swift; sourceTree = "<group>"; };
		7ED2DA192D6806F7000ACB8A /* ManagedCache.swift */ = {isa = PBXFileReference; lastKnownFileType = sourcecode.swift; path = ManagedCache.swift; sourceTree = SOURCE_ROOT; };
		7ED2DA1B2D6806F7000ACB8A /* ManagedFeedImage.swift */ = {isa = PBXFileReference; lastKnownFileType = sourcecode.swift; path = ManagedFeedImage.swift; sourceTree = SOURCE_ROOT; };
		7ED2DA202D6807A3000ACB8A /* CoreDataFeedStore.swift */ = {isa = PBXFileReference; lastKnownFileType = sourcecode.swift; path = CoreDataFeedStore.swift; sourceTree = "<group>"; };
		7ED2DA3B2D6A41E9000ACB8A /* CoreDataHelpers.swift */ = {isa = PBXFileReference; lastKnownFileType = sourcecode.swift; path = CoreDataHelpers.swift; sourceTree = "<group>"; };
		7EF54F3A2D46AF290044CA16 /* LocalFeedLoader.swift */ = {isa = PBXFileReference; lastKnownFileType = sourcecode.swift; path = LocalFeedLoader.swift; sourceTree = "<group>"; };
		7EF54F3D2D46B02A0044CA16 /* FeedStore.swift */ = {isa = PBXFileReference; lastKnownFileType = sourcecode.swift; path = FeedStore.swift; sourceTree = "<group>"; };
		7EF54F412D486AC20044CA16 /* LocalFeedImage.swift */ = {isa = PBXFileReference; lastKnownFileType = sourcecode.swift; path = LocalFeedImage.swift; sourceTree = "<group>"; };
		7EF54F432D486B1E0044CA16 /* RemoteFeedItem.swift */ = {isa = PBXFileReference; lastKnownFileType = sourcecode.swift; path = RemoteFeedItem.swift; sourceTree = "<group>"; };
		7EF54F472D4C54790044CA16 /* LoadFeedFromCacheUseCaseTests.swift */ = {isa = PBXFileReference; lastKnownFileType = sourcecode.swift; path = LoadFeedFromCacheUseCaseTests.swift; sourceTree = "<group>"; };
		7EF54F4A2D4C555B0044CA16 /* FeedStoreSpy.swift */ = {isa = PBXFileReference; lastKnownFileType = sourcecode.swift; path = FeedStoreSpy.swift; sourceTree = "<group>"; };
		7EF54F512D4FE6DE0044CA16 /* READLE.md */ = {isa = PBXFileReference; lastKnownFileType = net.daringfireball.markdown; path = READLE.md; sourceTree = "<group>"; };
		7EF54F532D4FEF550044CA16 /* ValidateCacheUseCaseTests.swift */ = {isa = PBXFileReference; lastKnownFileType = sourcecode.swift; path = ValidateCacheUseCaseTests.swift; sourceTree = "<group>"; };
		7EF54F552D4FF40B0044CA16 /* FeedCacheHelpers.swift */ = {isa = PBXFileReference; lastKnownFileType = sourcecode.swift; path = FeedCacheHelpers.swift; sourceTree = "<group>"; };
		7EF54F572D4FF51E0044CA16 /* SharedTestHelpers.swift */ = {isa = PBXFileReference; lastKnownFileType = sourcecode.swift; path = SharedTestHelpers.swift; sourceTree = "<group>"; };
		7EF54F662D51A3BB0044CA16 /* FeedCachePolicy.swift */ = {isa = PBXFileReference; lastKnownFileType = sourcecode.swift; path = FeedCachePolicy.swift; sourceTree = "<group>"; };
/* End PBXFileReference section */

/* Begin PBXFileSystemSynchronizedBuildFileExceptionSet section */
		7E9336612D7957C6008885D6 /* PBXFileSystemSynchronizedBuildFileExceptionSet */ = {
			isa = PBXFileSystemSynchronizedBuildFileExceptionSet;
			publicHeaders = (
				EssentialFeediOS.h,
			);
			target = 7E93364D2D7957C6008885D6 /* EssentialFeediOS */;
		};
/* End PBXFileSystemSynchronizedBuildFileExceptionSet section */

/* Begin PBXFileSystemSynchronizedRootGroup section */
		7E5BFA782D6B9FC300BDB3D4 /* EssentialFeedCacheIntegrationTests */ = {isa = PBXFileSystemSynchronizedRootGroup; explicitFileTypes = {}; explicitFolders = (); path = EssentialFeedCacheIntegrationTests; sourceTree = "<group>"; };
		7E9232FA2D2F54CD00DDD459 /* EssentialFeedAPIEnd2EndTests */ = {isa = PBXFileSystemSynchronizedRootGroup; explicitFileTypes = {}; explicitFolders = (); path = EssentialFeedAPIEnd2EndTests; sourceTree = "<group>"; };
		7E93364F2D7957C6008885D6 /* EssentialFeediOS */ = {isa = PBXFileSystemSynchronizedRootGroup; exceptions = (7E9336612D7957C6008885D6 /* PBXFileSystemSynchronizedBuildFileExceptionSet */, ); explicitFileTypes = {}; explicitFolders = (); path = EssentialFeediOS; sourceTree = "<group>"; };
		7E9336592D7957C6008885D6 /* EssentialFeediOSTests */ = {isa = PBXFileSystemSynchronizedRootGroup; explicitFileTypes = {}; explicitFolders = (); path = EssentialFeediOSTests; sourceTree = "<group>"; };
/* End PBXFileSystemSynchronizedRootGroup section */

/* Begin PBXFrameworksBuildPhase section */
		080EDEEE21B6DA7E00813479 /* Frameworks */ = {
			isa = PBXFrameworksBuildPhase;
			buildActionMask = 2147483647;
			files = (
			);
			runOnlyForDeploymentPostprocessing = 0;
		};
		080EDEF721B6DA7E00813479 /* Frameworks */ = {
			isa = PBXFrameworksBuildPhase;
			buildActionMask = 2147483647;
			files = (
				080EDEFB21B6DA7E00813479 /* EssentialFeed.framework in Frameworks */,
			);
			runOnlyForDeploymentPostprocessing = 0;
		};
		7E5BFA742D6B9FC300BDB3D4 /* Frameworks */ = {
			isa = PBXFrameworksBuildPhase;
			buildActionMask = 2147483647;
			files = (
				7E5BFA7B2D6B9FC300BDB3D4 /* EssentialFeed.framework in Frameworks */,
			);
			runOnlyForDeploymentPostprocessing = 0;
		};
		7E9232F62D2F54CD00DDD459 /* Frameworks */ = {
			isa = PBXFrameworksBuildPhase;
			buildActionMask = 2147483647;
			files = (
				7E9232FD2D2F54CD00DDD459 /* EssentialFeed.framework in Frameworks */,
			);
			runOnlyForDeploymentPostprocessing = 0;
		};
		7E93364B2D7957C6008885D6 /* Frameworks */ = {
			isa = PBXFrameworksBuildPhase;
			buildActionMask = 2147483647;
			files = (
				7E54581E2D7E08570082FF67 /* EssentialFeed.framework in Frameworks */,
			);
			runOnlyForDeploymentPostprocessing = 0;
		};
		7E9336522D7957C6008885D6 /* Frameworks */ = {
			isa = PBXFrameworksBuildPhase;
			buildActionMask = 2147483647;
			files = (
				7E9336562D7957C6008885D6 /* EssentialFeediOS.framework in Frameworks */,
			);
			runOnlyForDeploymentPostprocessing = 0;
		};
/* End PBXFrameworksBuildPhase section */

/* Begin PBXGroup section */
		080EDEE721B6DA7E00813479 = {
			isa = PBXGroup;
			children = (
				7E5457FA2D7CB0E60082FF67 /* UX-requirements.rtf */,
				7E5BFA812D6B9FE000BDB3D4 /* EssentialFeedCacheIntegrationTests.xctestplan */,
				7E9233082D2F5B2B00DDD459 /* EssentialFeed.xctestplan */,
				7E9233032D2F563B00DDD459 /* EssentialFeedAPIEnd2EndTests.xctestplan */,
				080EDEF321B6DA7E00813479 /* EssentialFeed */,
				080EDEFE21B6DA7E00813479 /* EssentialFeedTests */,
				7E9232FA2D2F54CD00DDD459 /* EssentialFeedAPIEnd2EndTests */,
				7E5BFA782D6B9FC300BDB3D4 /* EssentialFeedCacheIntegrationTests */,
				7E93364F2D7957C6008885D6 /* EssentialFeediOS */,
				7E9336592D7957C6008885D6 /* EssentialFeediOSTests */,
				7E54581D2D7E08570082FF67 /* Frameworks */,
				080EDEF221B6DA7E00813479 /* Products */,
			);
			sourceTree = "<group>";
		};
		080EDEF221B6DA7E00813479 /* Products */ = {
			isa = PBXGroup;
			children = (
				080EDEF121B6DA7E00813479 /* EssentialFeed.framework */,
				080EDEFA21B6DA7E00813479 /* EssentialFeedTests.xctest */,
				7E9232F92D2F54CD00DDD459 /* EssentialFeedAPIEnd2EndTests.xctest */,
				7E5BFA772D6B9FC300BDB3D4 /* EssentialFeedCacheIntegrationTests.xctest */,
				7E93364E2D7957C6008885D6 /* EssentialFeediOS.framework */,
				7E9336552D7957C6008885D6 /* EssentialFeediOSTests.xctest */,
			);
			name = Products;
			sourceTree = "<group>";
		};
		080EDEF321B6DA7E00813479 /* EssentialFeed */ = {
			isa = PBXGroup;
			children = (
				7E0E183B2DD5781B009B9F38 /* Feed Presentation */,
				7EF54F392D46AF130044CA16 /* Feed Cache */,
				080EDEF521B6DA7E00813479 /* Info.plist */,
				7ECD396C2D1B2EA100AD14BE /* FeedApi */,
				080EDF1021B6DFA200813479 /* Feed Feature */,
				7EF54F512D4FE6DE0044CA16 /* READLE.md */,
			);
			path = EssentialFeed;
			sourceTree = "<group>";
		};
		080EDEFE21B6DA7E00813479 /* EssentialFeedTests */ = {
			isa = PBXGroup;
			children = (
				7E0E18362DD567C1009B9F38 /* Feed Presentation */,
				7E7133482D3D6F8200226FBD /* Feed Cache */,
				7E7133472D3D6F6400226FBD /* Feed Api */,
				7E9233042D2F59E600DDD459 /* Helpers */,
				080EDF0121B6DA7E00813479 /* Info.plist */,
				7ECD39662D1A6CB200AD14BE /* Header.h */,
				7ECD396B2D1A6DA400AD14BE /* EssentialFeedTests-Bridging-Header.h */,
			);
			path = EssentialFeedTests;
			sourceTree = "<group>";
		};
		080EDF1021B6DFA200813479 /* Feed Feature */ = {
			isa = PBXGroup;
			children = (
				7E0E18FE2DD666BA009B9F38 /* FeedImageDataLoader.swift */,
				080EDF0B21B6DAE800813479 /* FeedImage.swift */,
				080EDF0D21B6DCB600813479 /* FeedLoader.swift */,
			);
			path = "Feed Feature";
			sourceTree = "<group>";
		};
		7E0E18362DD567C1009B9F38 /* Feed Presentation */ = {
			isa = PBXGroup;
			children = (
				7E0E18832DD57BB4009B9F38 /* FeedLocalizationTests.swift */,
				7E0E18372DD567D6009B9F38 /* FeedPresenterTests.swift */,
				7E0E189C2DD65222009B9F38 /* FeedImagePresenterTests.swift */,
			);
			path = "Feed Presentation";
			sourceTree = "<group>";
		};
		7E0E183B2DD5781B009B9F38 /* Feed Presentation */ = {
			isa = PBXGroup;
			children = (
				7E0E183C2DD57830009B9F38 /* FeedPresenter.swift */,
				7E0E18392DD57652009B9F38 /* Feed.xcstrings */,
				7E0E183F2DD57957009B9F38 /* FeedLoadingViewModel.swift */,
				7E0E18412DD57974009B9F38 /* FeedErrorViewModel.swift */,
				7E0E18432DD579AB009B9F38 /* FeedViewModel.swift */,
				7E0E19382DD666C7009B9F38 /* FeedImagePresenter.swift */,
				7E0E193A2DD66702009B9F38 /* FeedImageViewModel.swift */,
			);
			path = "Feed Presentation";
			sourceTree = "<group>";
		};
		7E54581D2D7E08570082FF67 /* Frameworks */ = {
			isa = PBXGroup;
			children = (
			);
			name = Frameworks;
			sourceTree = "<group>";
		};
		7E7133472D3D6F6400226FBD /* Feed Api */ = {
			isa = PBXGroup;
			children = (
				7ECD39692D1A6D1900AD14BE /* RemoteFeedLoaderTests.swift */,
				7ECD39772D2B440D00AD14BE /* URLSesstionHTTPClientTests.swift */,
			);
			path = "Feed Api";
			sourceTree = "<group>";
		};
		7E7133482D3D6F8200226FBD /* Feed Cache */ = {
			isa = PBXGroup;
			children = (
				7E75313B2D62C8F100398966 /* FeedStoreSpecs */,
				7EF54F492D4C554C0044CA16 /* Helpers */,
				7E7133492D3D6FAA00226FBD /* CacheFeedUseCase.swift */,
				7EF54F472D4C54790044CA16 /* LoadFeedFromCacheUseCaseTests.swift */,
				7EF54F532D4FEF550044CA16 /* ValidateCacheUseCaseTests.swift */,
				7E664E7F2D66AB9500901494 /* CoreDataFeedStoreTests.swift */,
			);
			path = "Feed Cache";
			sourceTree = "<group>";
		};
		7E75313B2D62C8F100398966 /* FeedStoreSpecs */ = {
			isa = PBXGroup;
			children = (
				7E2A1FDB2D62BA3900AB7E92 /* FeedStoreSpecs.swift */,
				7E2A1FDF2D62BD1900AB7E92 /* XCTestCase+FeedStoreSpecs.swift */,
				7E7531332D62C64400398966 /* XCTestCase+FailableRetrieveFeedStoreSpecs.swift */,
				7E7531352D62C72E00398966 /* XCTestCase+FailableInsertSpecs.swift */,
				7E7531372D62C85C00398966 /* XCTestCase+FailableDeleteSpecs.swift */,
			);
			path = FeedStoreSpecs;
			sourceTree = "<group>";
		};
		7E9233042D2F59E600DDD459 /* Helpers */ = {
			isa = PBXGroup;
			children = (
				7E9233052D2F5A0900DDD459 /* XCTestCase+MemoryLeakTracker.swift */,
				7EF54F572D4FF51E0044CA16 /* SharedTestHelpers.swift */,
			);
			path = Helpers;
			sourceTree = "<group>";
		};
		7ECD396C2D1B2EA100AD14BE /* FeedApi */ = {
			isa = PBXGroup;
			children = (
				7ECD396D2D1B2EB700AD14BE /* FeedApi.swift */,
				7ECD39712D2473EA00AD14BE /* HTTPClient.swift */,
				7ECD39732D24741C00AD14BE /* FeedItemMapper.swift */,
				7ECD39792D2CE6F700AD14BE /* URLSessionHTTPClient.swift */,
				7EF54F432D486B1E0044CA16 /* RemoteFeedItem.swift */,
			);
			path = FeedApi;
			sourceTree = "<group>";
		};
		7ED2DA382D6A4148000ACB8A /* Infrastructure */ = {
			isa = PBXGroup;
			children = (
				7ED2DA392D6A4150000ACB8A /* CoreData */,
			);
			path = Infrastructure;
			sourceTree = "<group>";
		};
		7ED2DA392D6A4150000ACB8A /* CoreData */ = {
			isa = PBXGroup;
			children = (
				7ED2DA192D6806F7000ACB8A /* ManagedCache.swift */,
				7ED2DA1B2D6806F7000ACB8A /* ManagedFeedImage.swift */,
				7E664E852D66AEC900901494 /* FeedStore.xcdatamodeld */,
				7ED2DA202D6807A3000ACB8A /* CoreDataFeedStore.swift */,
				7ED2DA3B2D6A41E9000ACB8A /* CoreDataHelpers.swift */,
			);
			path = CoreData;
			sourceTree = "<group>";
		};
		7EF54F392D46AF130044CA16 /* Feed Cache */ = {
			isa = PBXGroup;
			children = (
				7ED2DA382D6A4148000ACB8A /* Infrastructure */,
				7EF54F3A2D46AF290044CA16 /* LocalFeedLoader.swift */,
				7EF54F3D2D46B02A0044CA16 /* FeedStore.swift */,
				7EF54F412D486AC20044CA16 /* LocalFeedImage.swift */,
				7EF54F662D51A3BB0044CA16 /* FeedCachePolicy.swift */,
			);
			path = "Feed Cache";
			sourceTree = "<group>";
		};
		7EF54F492D4C554C0044CA16 /* Helpers */ = {
			isa = PBXGroup;
			children = (
				7EF54F4A2D4C555B0044CA16 /* FeedStoreSpy.swift */,
				7EF54F552D4FF40B0044CA16 /* FeedCacheHelpers.swift */,
			);
			path = Helpers;
			sourceTree = "<group>";
		};
/* End PBXGroup section */

/* Begin PBXHeadersBuildPhase section */
		080EDEEC21B6DA7E00813479 /* Headers */ = {
			isa = PBXHeadersBuildPhase;
			buildActionMask = 2147483647;
			files = (
			);
			runOnlyForDeploymentPostprocessing = 0;
		};
		7E9336492D7957C6008885D6 /* Headers */ = {
			isa = PBXHeadersBuildPhase;
			buildActionMask = 2147483647;
			files = (
			);
			runOnlyForDeploymentPostprocessing = 0;
		};
/* End PBXHeadersBuildPhase section */

/* Begin PBXNativeTarget section */
		080EDEF021B6DA7E00813479 /* EssentialFeed */ = {
			isa = PBXNativeTarget;
			buildConfigurationList = 080EDF0521B6DA7E00813479 /* Build configuration list for PBXNativeTarget "EssentialFeed" */;
			buildPhases = (
				080EDEEC21B6DA7E00813479 /* Headers */,
				080EDEED21B6DA7E00813479 /* Sources */,
				080EDEEE21B6DA7E00813479 /* Frameworks */,
				080EDEEF21B6DA7E00813479 /* Resources */,
			);
			buildRules = (
			);
			dependencies = (
			);
			name = EssentialFeed;
			productName = EssentialFeed;
			productReference = 080EDEF121B6DA7E00813479 /* EssentialFeed.framework */;
			productType = "com.apple.product-type.framework";
		};
		080EDEF921B6DA7E00813479 /* EssentialFeedTests */ = {
			isa = PBXNativeTarget;
			buildConfigurationList = 080EDF0821B6DA7E00813479 /* Build configuration list for PBXNativeTarget "EssentialFeedTests" */;
			buildPhases = (
				080EDEF621B6DA7E00813479 /* Sources */,
				080EDEF721B6DA7E00813479 /* Frameworks */,
				080EDEF821B6DA7E00813479 /* Resources */,
			);
			buildRules = (
			);
			dependencies = (
				080EDEFD21B6DA7E00813479 /* PBXTargetDependency */,
			);
			name = EssentialFeedTests;
			productName = EssentialFeedTests;
			productReference = 080EDEFA21B6DA7E00813479 /* EssentialFeedTests.xctest */;
			productType = "com.apple.product-type.bundle.unit-test";
		};
		7E5BFA762D6B9FC300BDB3D4 /* EssentialFeedCacheIntegrationTests */ = {
			isa = PBXNativeTarget;
			buildConfigurationList = 7E5BFA802D6B9FC300BDB3D4 /* Build configuration list for PBXNativeTarget "EssentialFeedCacheIntegrationTests" */;
			buildPhases = (
				7E5BFA732D6B9FC300BDB3D4 /* Sources */,
				7E5BFA742D6B9FC300BDB3D4 /* Frameworks */,
				7E5BFA752D6B9FC300BDB3D4 /* Resources */,
			);
			buildRules = (
			);
			dependencies = (
				7E5BFA7D2D6B9FC300BDB3D4 /* PBXTargetDependency */,
			);
			fileSystemSynchronizedGroups = (
				7E5BFA782D6B9FC300BDB3D4 /* EssentialFeedCacheIntegrationTests */,
			);
			name = EssentialFeedCacheIntegrationTests;
			packageProductDependencies = (
			);
			productName = EssentialFeedCacheINtegrationTests;
			productReference = 7E5BFA772D6B9FC300BDB3D4 /* EssentialFeedCacheIntegrationTests.xctest */;
			productType = "com.apple.product-type.bundle.unit-test";
		};
		7E9232F82D2F54CD00DDD459 /* EssentialFeedAPIEnd2EndTests */ = {
			isa = PBXNativeTarget;
			buildConfigurationList = 7E9233022D2F54CD00DDD459 /* Build configuration list for PBXNativeTarget "EssentialFeedAPIEnd2EndTests" */;
			buildPhases = (
				7E9232F52D2F54CD00DDD459 /* Sources */,
				7E9232F62D2F54CD00DDD459 /* Frameworks */,
				7E9232F72D2F54CD00DDD459 /* Resources */,
			);
			buildRules = (
			);
			dependencies = (
				7E9232FF2D2F54CD00DDD459 /* PBXTargetDependency */,
			);
			fileSystemSynchronizedGroups = (
				7E9232FA2D2F54CD00DDD459 /* EssentialFeedAPIEnd2EndTests */,
			);
			name = EssentialFeedAPIEnd2EndTests;
			packageProductDependencies = (
			);
			productName = EssentialFeedAPIEnd2EndTests;
			productReference = 7E9232F92D2F54CD00DDD459 /* EssentialFeedAPIEnd2EndTests.xctest */;
			productType = "com.apple.product-type.bundle.unit-test";
		};
		7E93364D2D7957C6008885D6 /* EssentialFeediOS */ = {
			isa = PBXNativeTarget;
			buildConfigurationList = 7E9336622D7957C6008885D6 /* Build configuration list for PBXNativeTarget "EssentialFeediOS" */;
			buildPhases = (
				7E9336492D7957C6008885D6 /* Headers */,
				7E93364A2D7957C6008885D6 /* Sources */,
				7E93364B2D7957C6008885D6 /* Frameworks */,
				7E93364C2D7957C6008885D6 /* Resources */,
				7E5458222D7E08570082FF67 /* Embed Frameworks */,
			);
			buildRules = (
			);
			dependencies = (
				7E5458212D7E08570082FF67 /* PBXTargetDependency */,
			);
			fileSystemSynchronizedGroups = (
				7E93364F2D7957C6008885D6 /* EssentialFeediOS */,
			);
			name = EssentialFeediOS;
			packageProductDependencies = (
			);
			productName = EssentialFeediOS;
			productReference = 7E93364E2D7957C6008885D6 /* EssentialFeediOS.framework */;
			productType = "com.apple.product-type.framework";
		};
		7E9336542D7957C6008885D6 /* EssentialFeediOSTests */ = {
			isa = PBXNativeTarget;
			buildConfigurationList = 7E9336632D7957C6008885D6 /* Build configuration list for PBXNativeTarget "EssentialFeediOSTests" */;
			buildPhases = (
				7E9336512D7957C6008885D6 /* Sources */,
				7E9336522D7957C6008885D6 /* Frameworks */,
				7E9336532D7957C6008885D6 /* Resources */,
			);
			buildRules = (
			);
			dependencies = (
				7E9336582D7957C6008885D6 /* PBXTargetDependency */,
			);
			fileSystemSynchronizedGroups = (
				7E9336592D7957C6008885D6 /* EssentialFeediOSTests */,
			);
			name = EssentialFeediOSTests;
			packageProductDependencies = (
			);
			productName = EssentialFeediOSTests;
			productReference = 7E9336552D7957C6008885D6 /* EssentialFeediOSTests.xctest */;
			productType = "com.apple.product-type.bundle.unit-test";
		};
/* End PBXNativeTarget section */

/* Begin PBXProject section */
		080EDEE821B6DA7E00813479 /* Project object */ = {
			isa = PBXProject;
			attributes = {
				BuildIndependentTargetsInParallel = YES;
				LastSwiftUpdateCheck = 1610;
				LastUpgradeCheck = 1600;
				ORGANIZATIONNAME = "";
				TargetAttributes = {
					080EDEF021B6DA7E00813479 = {
						CreatedOnToolsVersion = 10.1;
						LastSwiftMigration = 1540;
					};
					080EDEF921B6DA7E00813479 = {
						CreatedOnToolsVersion = 10.1;
						LastSwiftMigration = 1610;
					};
					7E5BFA762D6B9FC300BDB3D4 = {
						CreatedOnToolsVersion = 16.1;
					};
					7E9232F82D2F54CD00DDD459 = {
						CreatedOnToolsVersion = 16.1;
					};
					7E93364D2D7957C6008885D6 = {
						CreatedOnToolsVersion = 16.1;
					};
					7E9336542D7957C6008885D6 = {
						CreatedOnToolsVersion = 16.1;
					};
				};
			};
			buildConfigurationList = 080EDEEB21B6DA7E00813479 /* Build configuration list for PBXProject "EssentialFeed" */;
			compatibilityVersion = "Xcode 13.0";
			developmentRegion = en;
			hasScannedForEncodings = 0;
			knownRegions = (
				en,
				Base,
				"pt-BR",
				el,
				ru,
			);
			mainGroup = 080EDEE721B6DA7E00813479;
			productRefGroup = 080EDEF221B6DA7E00813479 /* Products */;
			projectDirPath = "";
			projectRoot = "";
			targets = (
				080EDEF021B6DA7E00813479 /* EssentialFeed */,
				080EDEF921B6DA7E00813479 /* EssentialFeedTests */,
				7E9232F82D2F54CD00DDD459 /* EssentialFeedAPIEnd2EndTests */,
				7E5BFA762D6B9FC300BDB3D4 /* EssentialFeedCacheIntegrationTests */,
				7E93364D2D7957C6008885D6 /* EssentialFeediOS */,
				7E9336542D7957C6008885D6 /* EssentialFeediOSTests */,
			);
		};
/* End PBXProject section */

/* Begin PBXResourcesBuildPhase section */
		080EDEEF21B6DA7E00813479 /* Resources */ = {
			isa = PBXResourcesBuildPhase;
			buildActionMask = 2147483647;
			files = (
				7EF54F522D4FE6DE0044CA16 /* READLE.md in Resources */,
				7E0E183E2DD57911009B9F38 /* Feed.xcstrings in Resources */,
			);
			runOnlyForDeploymentPostprocessing = 0;
		};
		080EDEF821B6DA7E00813479 /* Resources */ = {
			isa = PBXResourcesBuildPhase;
			buildActionMask = 2147483647;
			files = (
			);
			runOnlyForDeploymentPostprocessing = 0;
		};
		7E5BFA752D6B9FC300BDB3D4 /* Resources */ = {
			isa = PBXResourcesBuildPhase;
			buildActionMask = 2147483647;
			files = (
			);
			runOnlyForDeploymentPostprocessing = 0;
		};
		7E9232F72D2F54CD00DDD459 /* Resources */ = {
			isa = PBXResourcesBuildPhase;
			buildActionMask = 2147483647;
			files = (
			);
			runOnlyForDeploymentPostprocessing = 0;
		};
		7E93364C2D7957C6008885D6 /* Resources */ = {
			isa = PBXResourcesBuildPhase;
			buildActionMask = 2147483647;
			files = (
			);
			runOnlyForDeploymentPostprocessing = 0;
		};
		7E9336532D7957C6008885D6 /* Resources */ = {
			isa = PBXResourcesBuildPhase;
			buildActionMask = 2147483647;
			files = (
			);
			runOnlyForDeploymentPostprocessing = 0;
		};
/* End PBXResourcesBuildPhase section */

/* Begin PBXSourcesBuildPhase section */
		080EDEED21B6DA7E00813479 /* Sources */ = {
			isa = PBXSourcesBuildPhase;
			buildActionMask = 2147483647;
			files = (
				7E664E872D66AEC900901494 /* FeedStore.xcdatamodeld in Sources */,
				080EDF0E21B6DCB600813479 /* FeedLoader.swift in Sources */,
				7ECD39742D24741C00AD14BE /* FeedItemMapper.swift in Sources */,
				080EDF0C21B6DAE800813479 /* FeedImage.swift in Sources */,
				7E0E193B2DD66702009B9F38 /* FeedImageViewModel.swift in Sources */,
				7EF54F672D51A3BB0044CA16 /* FeedCachePolicy.swift in Sources */,
				7EF54F3E2D46B02A0044CA16 /* FeedStore.swift in Sources */,
				7ED2DA212D6807A3000ACB8A /* CoreDataFeedStore.swift in Sources */,
				7ED2DA1D2D6806F7000ACB8A /* ManagedFeedImage.swift in Sources */,
				7E0E18422DD57974009B9F38 /* FeedErrorViewModel.swift in Sources */,
				7ED2DA1E2D6806F7000ACB8A /* ManagedCache.swift in Sources */,
				7E0E18442DD579AB009B9F38 /* FeedViewModel.swift in Sources */,
				7EF54F422D486AC20044CA16 /* LocalFeedImage.swift in Sources */,
				7EF54F3B2D46AF290044CA16 /* LocalFeedLoader.swift in Sources */,
				7EF54F442D486B1E0044CA16 /* RemoteFeedItem.swift in Sources */,
				7E0E183D2DD57830009B9F38 /* FeedPresenter.swift in Sources */,
				7ED2DA3C2D6A41E9000ACB8A /* CoreDataHelpers.swift in Sources */,
				7ECD39722D2473EB00AD14BE /* HTTPClient.swift in Sources */,
				7E0E18402DD57957009B9F38 /* FeedLoadingViewModel.swift in Sources */,
				7ECD396E2D1B2EB700AD14BE /* FeedApi.swift in Sources */,
				7E0E19392DD666C7009B9F38 /* FeedImagePresenter.swift in Sources */,
				7ECD397A2D2CE6F700AD14BE /* URLSessionHTTPClient.swift in Sources */,
			);
			runOnlyForDeploymentPostprocessing = 0;
		};
		080EDEF621B6DA7E00813479 /* Sources */ = {
			isa = PBXSourcesBuildPhase;
			buildActionMask = 2147483647;
			files = (
				7ECD39782D2B440D00AD14BE /* URLSesstionHTTPClientTests.swift in Sources */,
				7E9233062D2F5A0900DDD459 /* XCTestCase+MemoryLeakTracker.swift in Sources */,
				7E0E18382DD567D6009B9F38 /* FeedPresenterTests.swift in Sources */,
				7E0E189D2DD65222009B9F38 /* FeedImagePresenterTests.swift in Sources */,
				7EF54F4B2D4C555B0044CA16 /* FeedStoreSpy.swift in Sources */,
				7E7531362D62C72E00398966 /* XCTestCase+FailableInsertSpecs.swift in Sources */,
				7E7531382D62C85C00398966 /* XCTestCase+FailableDeleteSpecs.swift in Sources */,
				7E71334C2D3D6FF300226FBD /* CacheFeedUseCase.swift in Sources */,
				7EF54F562D4FF40B0044CA16 /* FeedCacheHelpers.swift in Sources */,
				7EF54F592D4FF51E0044CA16 /* SharedTestHelpers.swift in Sources */,
				7EF54F482D4C54790044CA16 /* LoadFeedFromCacheUseCaseTests.swift in Sources */,
				7E7531342D62C64400398966 /* XCTestCase+FailableRetrieveFeedStoreSpecs.swift in Sources */,
				7ECD396A2D1A6D1900AD14BE /* RemoteFeedLoaderTests.swift in Sources */,
				7E2A1FDC2D62BA3900AB7E92 /* FeedStoreSpecs.swift in Sources */,
				7EF54F542D4FEF550044CA16 /* ValidateCacheUseCaseTests.swift in Sources */,
				7E664E802D66AB9500901494 /* CoreDataFeedStoreTests.swift in Sources */,
				7E2A1FE02D62BD1900AB7E92 /* XCTestCase+FeedStoreSpecs.swift in Sources */,
			);
			runOnlyForDeploymentPostprocessing = 0;
		};
		7E5BFA732D6B9FC300BDB3D4 /* Sources */ = {
			isa = PBXSourcesBuildPhase;
			buildActionMask = 2147483647;
			files = (
				7E5BFA882D6BA64D00BDB3D4 /* SharedTestHelpers.swift in Sources */,
				7E5BFA822D6BA25D00BDB3D4 /* XCTestCase+MemoryLeakTracker.swift in Sources */,
				7E5BFA872D6BA63D00BDB3D4 /* FeedCacheHelpers.swift in Sources */,
			);
			runOnlyForDeploymentPostprocessing = 0;
		};
		7E9232F52D2F54CD00DDD459 /* Sources */ = {
			isa = PBXSourcesBuildPhase;
			buildActionMask = 2147483647;
			files = (
				7E9233072D2F5A0900DDD459 /* XCTestCase+MemoryLeakTracker.swift in Sources */,
				7EF54F582D4FF51E0044CA16 /* SharedTestHelpers.swift in Sources */,
			);
			runOnlyForDeploymentPostprocessing = 0;
		};
		7E93364A2D7957C6008885D6 /* Sources */ = {
			isa = PBXSourcesBuildPhase;
			buildActionMask = 2147483647;
			files = (
				7E0E190F2DD666BA009B9F38 /* FeedImageDataLoader.swift in Sources */,
			);
			runOnlyForDeploymentPostprocessing = 0;
		};
		7E9336512D7957C6008885D6 /* Sources */ = {
			isa = PBXSourcesBuildPhase;
			buildActionMask = 2147483647;
			files = (
				7E0E18992DD57BB4009B9F38 /* FeedLocalizationTests.swift in Sources */,
				7E5458232D7E0C5B0082FF67 /* XCTestCase+MemoryLeakTracker.swift in Sources */,
			);
			runOnlyForDeploymentPostprocessing = 0;
		};
/* End PBXSourcesBuildPhase section */

/* Begin PBXTargetDependency section */
		080EDEFD21B6DA7E00813479 /* PBXTargetDependency */ = {
			isa = PBXTargetDependency;
			target = 080EDEF021B6DA7E00813479 /* EssentialFeed */;
			targetProxy = 080EDEFC21B6DA7E00813479 /* PBXContainerItemProxy */;
		};
		7E5458212D7E08570082FF67 /* PBXTargetDependency */ = {
			isa = PBXTargetDependency;
			platformFilter = ios;
			target = 080EDEF021B6DA7E00813479 /* EssentialFeed */;
			targetProxy = 7E5458202D7E08570082FF67 /* PBXContainerItemProxy */;
		};
		7E5BFA7D2D6B9FC300BDB3D4 /* PBXTargetDependency */ = {
			isa = PBXTargetDependency;
			target = 080EDEF021B6DA7E00813479 /* EssentialFeed */;
			targetProxy = 7E5BFA7C2D6B9FC300BDB3D4 /* PBXContainerItemProxy */;
		};
		7E9232FF2D2F54CD00DDD459 /* PBXTargetDependency */ = {
			isa = PBXTargetDependency;
			target = 080EDEF021B6DA7E00813479 /* EssentialFeed */;
			targetProxy = 7E9232FE2D2F54CD00DDD459 /* PBXContainerItemProxy */;
		};
		7E9336582D7957C6008885D6 /* PBXTargetDependency */ = {
			isa = PBXTargetDependency;
			target = 7E93364D2D7957C6008885D6 /* EssentialFeediOS */;
			targetProxy = 7E9336572D7957C6008885D6 /* PBXContainerItemProxy */;
		};
/* End PBXTargetDependency section */

/* Begin XCBuildConfiguration section */
		080EDF0321B6DA7E00813479 /* Debug */ = {
			isa = XCBuildConfiguration;
			buildSettings = {
				ALWAYS_SEARCH_USER_PATHS = NO;
				ASSETCATALOG_COMPILER_GENERATE_SWIFT_ASSET_SYMBOL_EXTENSIONS = YES;
				CLANG_ANALYZER_NONNULL = YES;
				CLANG_ANALYZER_NUMBER_OBJECT_CONVERSION = YES_AGGRESSIVE;
				CLANG_CXX_LANGUAGE_STANDARD = "gnu++14";
				CLANG_CXX_LIBRARY = "libc++";
				CLANG_ENABLE_MODULES = YES;
				CLANG_ENABLE_OBJC_ARC = YES;
				CLANG_ENABLE_OBJC_WEAK = YES;
				CLANG_WARN_BLOCK_CAPTURE_AUTORELEASING = YES;
				CLANG_WARN_BOOL_CONVERSION = YES;
				CLANG_WARN_COMMA = YES;
				CLANG_WARN_CONSTANT_CONVERSION = YES;
				CLANG_WARN_DEPRECATED_OBJC_IMPLEMENTATIONS = YES;
				CLANG_WARN_DIRECT_OBJC_ISA_USAGE = YES_ERROR;
				CLANG_WARN_DOCUMENTATION_COMMENTS = YES;
				CLANG_WARN_EMPTY_BODY = YES;
				CLANG_WARN_ENUM_CONVERSION = YES;
				CLANG_WARN_INFINITE_RECURSION = YES;
				CLANG_WARN_INT_CONVERSION = YES;
				CLANG_WARN_NON_LITERAL_NULL_CONVERSION = YES;
				CLANG_WARN_OBJC_IMPLICIT_RETAIN_SELF = YES;
				CLANG_WARN_OBJC_LITERAL_CONVERSION = YES;
				CLANG_WARN_OBJC_ROOT_CLASS = YES_ERROR;
				CLANG_WARN_QUOTED_INCLUDE_IN_FRAMEWORK_HEADER = YES;
				CLANG_WARN_RANGE_LOOP_ANALYSIS = YES;
				CLANG_WARN_STRICT_PROTOTYPES = YES;
				CLANG_WARN_SUSPICIOUS_MOVE = YES;
				CLANG_WARN_UNGUARDED_AVAILABILITY = YES_AGGRESSIVE;
				CLANG_WARN_UNREACHABLE_CODE = YES;
				CLANG_WARN__DUPLICATE_METHOD_MATCH = YES;
				CODE_SIGN_IDENTITY = "Mac Developer";
				COPY_PHASE_STRIP = NO;
				CURRENT_PROJECT_VERSION = 1;
				DEAD_CODE_STRIPPING = YES;
				DEBUG_INFORMATION_FORMAT = dwarf;
				ENABLE_STRICT_OBJC_MSGSEND = YES;
				ENABLE_TESTABILITY = YES;
				ENABLE_USER_SCRIPT_SANDBOXING = YES;
				GCC_C_LANGUAGE_STANDARD = gnu11;
				GCC_DYNAMIC_NO_PIC = NO;
				GCC_NO_COMMON_BLOCKS = YES;
				GCC_OPTIMIZATION_LEVEL = 0;
				GCC_PREPROCESSOR_DEFINITIONS = (
					"DEBUG=1",
					"$(inherited)",
				);
				GCC_WARN_64_TO_32_BIT_CONVERSION = YES;
				GCC_WARN_ABOUT_RETURN_TYPE = YES_ERROR;
				GCC_WARN_UNDECLARED_SELECTOR = YES;
				GCC_WARN_UNINITIALIZED_AUTOS = YES_AGGRESSIVE;
				GCC_WARN_UNUSED_FUNCTION = YES;
				GCC_WARN_UNUSED_VARIABLE = YES;
				MACOSX_DEPLOYMENT_TARGET = 14.0;
				MTL_ENABLE_DEBUG_INFO = INCLUDE_SOURCE;
				MTL_FAST_MATH = YES;
				ONLY_ACTIVE_ARCH = YES;
				SDKROOT = macosx;
				SWIFT_ACTIVE_COMPILATION_CONDITIONS = DEBUG;
				SWIFT_EMIT_LOC_STRINGS = YES;
				SWIFT_OPTIMIZATION_LEVEL = "-Onone";
				SWIFT_STRICT_CONCURRENCY = minimal;
				SWIFT_VERSION = 5.0;
				VERSIONING_SYSTEM = "apple-generic";
				VERSION_INFO_PREFIX = "";
			};
			name = Debug;
		};
		080EDF0421B6DA7E00813479 /* Release */ = {
			isa = XCBuildConfiguration;
			buildSettings = {
				ALWAYS_SEARCH_USER_PATHS = NO;
				ASSETCATALOG_COMPILER_GENERATE_SWIFT_ASSET_SYMBOL_EXTENSIONS = YES;
				CLANG_ANALYZER_NONNULL = YES;
				CLANG_ANALYZER_NUMBER_OBJECT_CONVERSION = YES_AGGRESSIVE;
				CLANG_CXX_LANGUAGE_STANDARD = "gnu++14";
				CLANG_CXX_LIBRARY = "libc++";
				CLANG_ENABLE_MODULES = YES;
				CLANG_ENABLE_OBJC_ARC = YES;
				CLANG_ENABLE_OBJC_WEAK = YES;
				CLANG_WARN_BLOCK_CAPTURE_AUTORELEASING = YES;
				CLANG_WARN_BOOL_CONVERSION = YES;
				CLANG_WARN_COMMA = YES;
				CLANG_WARN_CONSTANT_CONVERSION = YES;
				CLANG_WARN_DEPRECATED_OBJC_IMPLEMENTATIONS = YES;
				CLANG_WARN_DIRECT_OBJC_ISA_USAGE = YES_ERROR;
				CLANG_WARN_DOCUMENTATION_COMMENTS = YES;
				CLANG_WARN_EMPTY_BODY = YES;
				CLANG_WARN_ENUM_CONVERSION = YES;
				CLANG_WARN_INFINITE_RECURSION = YES;
				CLANG_WARN_INT_CONVERSION = YES;
				CLANG_WARN_NON_LITERAL_NULL_CONVERSION = YES;
				CLANG_WARN_OBJC_IMPLICIT_RETAIN_SELF = YES;
				CLANG_WARN_OBJC_LITERAL_CONVERSION = YES;
				CLANG_WARN_OBJC_ROOT_CLASS = YES_ERROR;
				CLANG_WARN_QUOTED_INCLUDE_IN_FRAMEWORK_HEADER = YES;
				CLANG_WARN_RANGE_LOOP_ANALYSIS = YES;
				CLANG_WARN_STRICT_PROTOTYPES = YES;
				CLANG_WARN_SUSPICIOUS_MOVE = YES;
				CLANG_WARN_UNGUARDED_AVAILABILITY = YES_AGGRESSIVE;
				CLANG_WARN_UNREACHABLE_CODE = YES;
				CLANG_WARN__DUPLICATE_METHOD_MATCH = YES;
				CODE_SIGN_IDENTITY = "Mac Developer";
				COPY_PHASE_STRIP = NO;
				CURRENT_PROJECT_VERSION = 1;
				DEAD_CODE_STRIPPING = YES;
				DEBUG_INFORMATION_FORMAT = "dwarf-with-dsym";
				ENABLE_NS_ASSERTIONS = NO;
				ENABLE_STRICT_OBJC_MSGSEND = YES;
				ENABLE_USER_SCRIPT_SANDBOXING = YES;
				GCC_C_LANGUAGE_STANDARD = gnu11;
				GCC_NO_COMMON_BLOCKS = YES;
				GCC_WARN_64_TO_32_BIT_CONVERSION = YES;
				GCC_WARN_ABOUT_RETURN_TYPE = YES_ERROR;
				GCC_WARN_UNDECLARED_SELECTOR = YES;
				GCC_WARN_UNINITIALIZED_AUTOS = YES_AGGRESSIVE;
				GCC_WARN_UNUSED_FUNCTION = YES;
				GCC_WARN_UNUSED_VARIABLE = YES;
				MACOSX_DEPLOYMENT_TARGET = 14.0;
				MTL_ENABLE_DEBUG_INFO = NO;
				MTL_FAST_MATH = YES;
				SDKROOT = macosx;
				SWIFT_COMPILATION_MODE = wholemodule;
				SWIFT_EMIT_LOC_STRINGS = YES;
				SWIFT_OPTIMIZATION_LEVEL = "-O";
				SWIFT_STRICT_CONCURRENCY = minimal;
				SWIFT_VERSION = 5.0;
				VERSIONING_SYSTEM = "apple-generic";
				VERSION_INFO_PREFIX = "";
			};
			name = Release;
		};
		080EDF0621B6DA7E00813479 /* Debug */ = {
			isa = XCBuildConfiguration;
			buildSettings = {
				CLANG_ENABLE_MODULES = YES;
				CODE_SIGN_IDENTITY = "";
				CODE_SIGN_STYLE = Automatic;
				COMBINE_HIDPI_IMAGES = YES;
				DEAD_CODE_STRIPPING = YES;
				DEFINES_MODULE = YES;
				DEVELOPMENT_TEAM = "";
				DYLIB_COMPATIBILITY_VERSION = 1;
				DYLIB_CURRENT_VERSION = 1;
				DYLIB_INSTALL_NAME_BASE = "@rpath";
				ENABLE_MODULE_VERIFIER = YES;
				FRAMEWORK_VERSION = A;
				INFOPLIST_FILE = EssentialFeed/Info.plist;
				INSTALL_PATH = "$(LOCAL_LIBRARY_DIR)/Frameworks";
				IPHONEOS_DEPLOYMENT_TARGET = 15.6;
				LD_RUNPATH_SEARCH_PATHS = (
					"$(inherited)",
					"@executable_path/../Frameworks",
					"@loader_path/Frameworks",
				);
				MODULE_VERIFIER_SUPPORTED_LANGUAGE_STANDARDS = "gnu11 gnu++14";
				PRODUCT_BUNDLE_IDENTIFIER = com.essentialdeveloper.EssentialFeed;
				PRODUCT_NAME = "$(TARGET_NAME:c99extidentifier)";
				SKIP_INSTALL = YES;
				SUPPORTED_PLATFORMS = "macosx iphonesimulator iphoneos";
				SWIFT_OPTIMIZATION_LEVEL = "-Onone";
			};
			name = Debug;
		};
		080EDF0721B6DA7E00813479 /* Release */ = {
			isa = XCBuildConfiguration;
			buildSettings = {
				CLANG_ENABLE_MODULES = YES;
				CODE_SIGN_IDENTITY = "";
				CODE_SIGN_STYLE = Automatic;
				COMBINE_HIDPI_IMAGES = YES;
				DEAD_CODE_STRIPPING = YES;
				DEFINES_MODULE = YES;
				DEVELOPMENT_TEAM = "";
				DYLIB_COMPATIBILITY_VERSION = 1;
				DYLIB_CURRENT_VERSION = 1;
				DYLIB_INSTALL_NAME_BASE = "@rpath";
				ENABLE_MODULE_VERIFIER = YES;
				FRAMEWORK_VERSION = A;
				INFOPLIST_FILE = EssentialFeed/Info.plist;
				INSTALL_PATH = "$(LOCAL_LIBRARY_DIR)/Frameworks";
				IPHONEOS_DEPLOYMENT_TARGET = 15.6;
				LD_RUNPATH_SEARCH_PATHS = (
					"$(inherited)",
					"@executable_path/../Frameworks",
					"@loader_path/Frameworks",
				);
				MODULE_VERIFIER_SUPPORTED_LANGUAGE_STANDARDS = "gnu11 gnu++14";
				PRODUCT_BUNDLE_IDENTIFIER = com.essentialdeveloper.EssentialFeed;
				PRODUCT_NAME = "$(TARGET_NAME:c99extidentifier)";
				SKIP_INSTALL = YES;
				SUPPORTED_PLATFORMS = "macosx iphonesimulator iphoneos";
			};
			name = Release;
		};
		080EDF0921B6DA7E00813479 /* Debug */ = {
			isa = XCBuildConfiguration;
			buildSettings = {
				CLANG_ENABLE_MODULES = YES;
				"CODE_SIGN_IDENTITY[sdk=macosx*]" = "-";
				CODE_SIGN_STYLE = Automatic;
				COMBINE_HIDPI_IMAGES = YES;
				DEAD_CODE_STRIPPING = YES;
				DEVELOPMENT_TEAM = "";
				INFOPLIST_FILE = EssentialFeedTests/Info.plist;
				LD_RUNPATH_SEARCH_PATHS = (
					"$(inherited)",
					"@executable_path/../Frameworks",
					"@loader_path/../Frameworks",
				);
				PRODUCT_BUNDLE_IDENTIFIER = com.essentialdeveloper.EssentialFeedTests;
				PRODUCT_NAME = "$(TARGET_NAME)";
				SUPPORTED_PLATFORMS = "macosx iphonesimulator iphoneos";
				SWIFT_OBJC_BRIDGING_HEADER = "EssentialFeedTests/EssentialFeedTests-Bridging-Header.h";
				SWIFT_OPTIMIZATION_LEVEL = "-Onone";
				SWIFT_VERSION = 5.0;
			};
			name = Debug;
		};
		080EDF0A21B6DA7E00813479 /* Release */ = {
			isa = XCBuildConfiguration;
			buildSettings = {
				CLANG_ENABLE_MODULES = YES;
				"CODE_SIGN_IDENTITY[sdk=macosx*]" = "-";
				CODE_SIGN_STYLE = Automatic;
				COMBINE_HIDPI_IMAGES = YES;
				DEAD_CODE_STRIPPING = YES;
				DEVELOPMENT_TEAM = "";
				INFOPLIST_FILE = EssentialFeedTests/Info.plist;
				LD_RUNPATH_SEARCH_PATHS = (
					"$(inherited)",
					"@executable_path/../Frameworks",
					"@loader_path/../Frameworks",
				);
				PRODUCT_BUNDLE_IDENTIFIER = com.essentialdeveloper.EssentialFeedTests;
				PRODUCT_NAME = "$(TARGET_NAME)";
				SUPPORTED_PLATFORMS = "macosx iphonesimulator iphoneos";
				SWIFT_OBJC_BRIDGING_HEADER = "EssentialFeedTests/EssentialFeedTests-Bridging-Header.h";
				SWIFT_VERSION = 5.0;
			};
			name = Release;
		};
		7E5BFA7E2D6B9FC300BDB3D4 /* Debug */ = {
			isa = XCBuildConfiguration;
			buildSettings = {
				CLANG_CXX_LANGUAGE_STANDARD = "gnu++20";
				CODE_SIGN_STYLE = Automatic;
				CURRENT_PROJECT_VERSION = 1;
				DEVELOPMENT_TEAM = 9DDPLK74KG;
				GCC_C_LANGUAGE_STANDARD = gnu17;
				GENERATE_INFOPLIST_FILE = YES;
				LOCALIZATION_PREFERS_STRING_CATALOGS = YES;
				MACOSX_DEPLOYMENT_TARGET = 15.1;
				MARKETING_VERSION = 1.0;
				PRODUCT_BUNDLE_IDENTIFIER = com.essentialdeveloper.EssentialFeedCacheINtegrationTests;
				PRODUCT_NAME = "$(TARGET_NAME)";
				SUPPORTED_PLATFORMS = "macosx iphoneos iphonesimulator";
				SWIFT_ACTIVE_COMPILATION_CONDITIONS = "DEBUG $(inherited)";
				SWIFT_EMIT_LOC_STRINGS = NO;
				SWIFT_VERSION = 5.0;
			};
			name = Debug;
		};
		7E5BFA7F2D6B9FC300BDB3D4 /* Release */ = {
			isa = XCBuildConfiguration;
			buildSettings = {
				CLANG_CXX_LANGUAGE_STANDARD = "gnu++20";
				CODE_SIGN_STYLE = Automatic;
				CURRENT_PROJECT_VERSION = 1;
				DEVELOPMENT_TEAM = 9DDPLK74KG;
				GCC_C_LANGUAGE_STANDARD = gnu17;
				GENERATE_INFOPLIST_FILE = YES;
				LOCALIZATION_PREFERS_STRING_CATALOGS = YES;
				MACOSX_DEPLOYMENT_TARGET = 15.1;
				MARKETING_VERSION = 1.0;
				PRODUCT_BUNDLE_IDENTIFIER = com.essentialdeveloper.EssentialFeedCacheINtegrationTests;
				PRODUCT_NAME = "$(TARGET_NAME)";
				SUPPORTED_PLATFORMS = "macosx iphoneos iphonesimulator";
				SWIFT_EMIT_LOC_STRINGS = NO;
				SWIFT_VERSION = 5.0;
			};
			name = Release;
		};
		7E9233002D2F54CD00DDD459 /* Debug */ = {
			isa = XCBuildConfiguration;
			buildSettings = {
				CLANG_CXX_LANGUAGE_STANDARD = "gnu++20";
				CODE_SIGN_STYLE = Automatic;
				CURRENT_PROJECT_VERSION = 1;
				DEVELOPMENT_TEAM = 9DDPLK74KG;
				GCC_C_LANGUAGE_STANDARD = gnu17;
				GENERATE_INFOPLIST_FILE = YES;
				LOCALIZATION_PREFERS_STRING_CATALOGS = YES;
				MACOSX_DEPLOYMENT_TARGET = 14.6;
				MARKETING_VERSION = 1.0;
				PRODUCT_BUNDLE_IDENTIFIER = com.evg.EssentialFeedAPIEnd2EndTests;
				PRODUCT_NAME = "$(TARGET_NAME)";
				SUPPORTED_PLATFORMS = "macosx iphonesimulator iphoneos";
				SWIFT_ACTIVE_COMPILATION_CONDITIONS = "DEBUG $(inherited)";
				SWIFT_EMIT_LOC_STRINGS = NO;
				SWIFT_VERSION = 5.0;
			};
			name = Debug;
		};
		7E9233012D2F54CD00DDD459 /* Release */ = {
			isa = XCBuildConfiguration;
			buildSettings = {
				CLANG_CXX_LANGUAGE_STANDARD = "gnu++20";
				CODE_SIGN_STYLE = Automatic;
				CURRENT_PROJECT_VERSION = 1;
				DEVELOPMENT_TEAM = 9DDPLK74KG;
				GCC_C_LANGUAGE_STANDARD = gnu17;
				GENERATE_INFOPLIST_FILE = YES;
				LOCALIZATION_PREFERS_STRING_CATALOGS = YES;
				MACOSX_DEPLOYMENT_TARGET = 14.6;
				MARKETING_VERSION = 1.0;
				PRODUCT_BUNDLE_IDENTIFIER = com.evg.EssentialFeedAPIEnd2EndTests;
				PRODUCT_NAME = "$(TARGET_NAME)";
				SUPPORTED_PLATFORMS = "macosx iphonesimulator iphoneos";
				SWIFT_EMIT_LOC_STRINGS = NO;
				SWIFT_VERSION = 5.0;
			};
			name = Release;
		};
		7E93365D2D7957C6008885D6 /* Debug */ = {
			isa = XCBuildConfiguration;
			buildSettings = {
				BUILD_LIBRARY_FOR_DISTRIBUTION = NO;
				CLANG_CXX_LANGUAGE_STANDARD = "gnu++20";
				CODE_SIGN_STYLE = Automatic;
				CURRENT_PROJECT_VERSION = 1;
				DEFINES_MODULE = YES;
				DEVELOPMENT_TEAM = 9DDPLK74KG;
				DYLIB_COMPATIBILITY_VERSION = 1;
				DYLIB_CURRENT_VERSION = 1;
				DYLIB_INSTALL_NAME_BASE = "@rpath";
				ENABLE_MODULE_VERIFIER = YES;
				GCC_C_LANGUAGE_STANDARD = gnu17;
				GENERATE_INFOPLIST_FILE = YES;
				INFOPLIST_KEY_NSHumanReadableCopyright = "";
				INSTALL_PATH = "$(LOCAL_LIBRARY_DIR)/Frameworks";
				IPHONEOS_DEPLOYMENT_TARGET = 15.6;
				LD_RUNPATH_SEARCH_PATHS = (
					"$(inherited)",
					"@executable_path/Frameworks",
					"@loader_path/Frameworks",
				);
				LOCALIZATION_PREFERS_STRING_CATALOGS = YES;
				MARKETING_VERSION = 1.0;
				MODULE_VERIFIER_SUPPORTED_LANGUAGES = "objective-c objective-c++";
				MODULE_VERIFIER_SUPPORTED_LANGUAGE_STANDARDS = "gnu17 gnu++20";
				PRODUCT_BUNDLE_IDENTIFIER = com.essentialdeveloper.EssentialFeed.EssentialFeediOS;
				PRODUCT_NAME = "$(TARGET_NAME:c99extidentifier)";
				SDKROOT = iphoneos;
				SKIP_INSTALL = YES;
				SWIFT_ACTIVE_COMPILATION_CONDITIONS = "DEBUG $(inherited)";
				SWIFT_EMIT_LOC_STRINGS = YES;
				SWIFT_INSTALL_OBJC_HEADER = NO;
				SWIFT_VERSION = 5.0;
				TARGETED_DEVICE_FAMILY = "1,2";
			};
			name = Debug;
		};
		7E93365E2D7957C6008885D6 /* Release */ = {
			isa = XCBuildConfiguration;
			buildSettings = {
				BUILD_LIBRARY_FOR_DISTRIBUTION = NO;
				CLANG_CXX_LANGUAGE_STANDARD = "gnu++20";
				CODE_SIGN_STYLE = Automatic;
				CURRENT_PROJECT_VERSION = 1;
				DEFINES_MODULE = YES;
				DEVELOPMENT_TEAM = 9DDPLK74KG;
				DYLIB_COMPATIBILITY_VERSION = 1;
				DYLIB_CURRENT_VERSION = 1;
				DYLIB_INSTALL_NAME_BASE = "@rpath";
				ENABLE_MODULE_VERIFIER = YES;
				GCC_C_LANGUAGE_STANDARD = gnu17;
				GENERATE_INFOPLIST_FILE = YES;
				INFOPLIST_KEY_NSHumanReadableCopyright = "";
				INSTALL_PATH = "$(LOCAL_LIBRARY_DIR)/Frameworks";
				IPHONEOS_DEPLOYMENT_TARGET = 15.6;
				LD_RUNPATH_SEARCH_PATHS = (
					"$(inherited)",
					"@executable_path/Frameworks",
					"@loader_path/Frameworks",
				);
				LOCALIZATION_PREFERS_STRING_CATALOGS = YES;
				MARKETING_VERSION = 1.0;
				MODULE_VERIFIER_SUPPORTED_LANGUAGES = "objective-c objective-c++";
				MODULE_VERIFIER_SUPPORTED_LANGUAGE_STANDARDS = "gnu17 gnu++20";
				PRODUCT_BUNDLE_IDENTIFIER = com.essentialdeveloper.EssentialFeed.EssentialFeediOS;
				PRODUCT_NAME = "$(TARGET_NAME:c99extidentifier)";
				SDKROOT = iphoneos;
				SKIP_INSTALL = YES;
				SWIFT_EMIT_LOC_STRINGS = YES;
				SWIFT_INSTALL_OBJC_HEADER = NO;
				SWIFT_VERSION = 5.0;
				TARGETED_DEVICE_FAMILY = "1,2";
				VALIDATE_PRODUCT = YES;
			};
			name = Release;
		};
		7E93365F2D7957C6008885D6 /* Debug */ = {
			isa = XCBuildConfiguration;
			buildSettings = {
				CLANG_CXX_LANGUAGE_STANDARD = "gnu++20";
				CODE_SIGN_STYLE = Automatic;
				CURRENT_PROJECT_VERSION = 1;
				DEVELOPMENT_TEAM = 9DDPLK74KG;
				GCC_C_LANGUAGE_STANDARD = gnu17;
				GENERATE_INFOPLIST_FILE = YES;
				IPHONEOS_DEPLOYMENT_TARGET = 15.6;
				LOCALIZATION_PREFERS_STRING_CATALOGS = YES;
				MARKETING_VERSION = 1.0;
				PRODUCT_BUNDLE_IDENTIFIER = com.essentialdeveloper.EssentialFeed.EssentialFeediOSTests;
				PRODUCT_NAME = "$(TARGET_NAME)";
				SDKROOT = iphoneos;
				SWIFT_ACTIVE_COMPILATION_CONDITIONS = "DEBUG $(inherited)";
				SWIFT_EMIT_LOC_STRINGS = NO;
				SWIFT_VERSION = 5.0;
				TARGETED_DEVICE_FAMILY = "1,2";
			};
			name = Debug;
		};
		7E9336602D7957C6008885D6 /* Release */ = {
			isa = XCBuildConfiguration;
			buildSettings = {
				CLANG_CXX_LANGUAGE_STANDARD = "gnu++20";
				CODE_SIGN_STYLE = Automatic;
				CURRENT_PROJECT_VERSION = 1;
				DEVELOPMENT_TEAM = 9DDPLK74KG;
				GCC_C_LANGUAGE_STANDARD = gnu17;
				GENERATE_INFOPLIST_FILE = YES;
				IPHONEOS_DEPLOYMENT_TARGET = 15.6;
				LOCALIZATION_PREFERS_STRING_CATALOGS = YES;
				MARKETING_VERSION = 1.0;
				PRODUCT_BUNDLE_IDENTIFIER = com.essentialdeveloper.EssentialFeed.EssentialFeediOSTests;
				PRODUCT_NAME = "$(TARGET_NAME)";
				SDKROOT = iphoneos;
				SWIFT_EMIT_LOC_STRINGS = NO;
				SWIFT_VERSION = 5.0;
				TARGETED_DEVICE_FAMILY = "1,2";
				VALIDATE_PRODUCT = YES;
			};
			name = Release;
		};
/* End XCBuildConfiguration section */

/* Begin XCConfigurationList section */
		080EDEEB21B6DA7E00813479 /* Build configuration list for PBXProject "EssentialFeed" */ = {
			isa = XCConfigurationList;
			buildConfigurations = (
				080EDF0321B6DA7E00813479 /* Debug */,
				080EDF0421B6DA7E00813479 /* Release */,
			);
			defaultConfigurationIsVisible = 0;
			defaultConfigurationName = Release;
		};
		080EDF0521B6DA7E00813479 /* Build configuration list for PBXNativeTarget "EssentialFeed" */ = {
			isa = XCConfigurationList;
			buildConfigurations = (
				080EDF0621B6DA7E00813479 /* Debug */,
				080EDF0721B6DA7E00813479 /* Release */,
			);
			defaultConfigurationIsVisible = 0;
			defaultConfigurationName = Release;
		};
		080EDF0821B6DA7E00813479 /* Build configuration list for PBXNativeTarget "EssentialFeedTests" */ = {
			isa = XCConfigurationList;
			buildConfigurations = (
				080EDF0921B6DA7E00813479 /* Debug */,
				080EDF0A21B6DA7E00813479 /* Release */,
			);
			defaultConfigurationIsVisible = 0;
			defaultConfigurationName = Release;
		};
		7E5BFA802D6B9FC300BDB3D4 /* Build configuration list for PBXNativeTarget "EssentialFeedCacheIntegrationTests" */ = {
			isa = XCConfigurationList;
			buildConfigurations = (
				7E5BFA7E2D6B9FC300BDB3D4 /* Debug */,
				7E5BFA7F2D6B9FC300BDB3D4 /* Release */,
			);
			defaultConfigurationIsVisible = 0;
			defaultConfigurationName = Release;
		};
		7E9233022D2F54CD00DDD459 /* Build configuration list for PBXNativeTarget "EssentialFeedAPIEnd2EndTests" */ = {
			isa = XCConfigurationList;
			buildConfigurations = (
				7E9233002D2F54CD00DDD459 /* Debug */,
				7E9233012D2F54CD00DDD459 /* Release */,
			);
			defaultConfigurationIsVisible = 0;
			defaultConfigurationName = Release;
		};
		7E9336622D7957C6008885D6 /* Build configuration list for PBXNativeTarget "EssentialFeediOS" */ = {
			isa = XCConfigurationList;
			buildConfigurations = (
				7E93365D2D7957C6008885D6 /* Debug */,
				7E93365E2D7957C6008885D6 /* Release */,
			);
			defaultConfigurationIsVisible = 0;
			defaultConfigurationName = Release;
		};
		7E9336632D7957C6008885D6 /* Build configuration list for PBXNativeTarget "EssentialFeediOSTests" */ = {
			isa = XCConfigurationList;
			buildConfigurations = (
				7E93365F2D7957C6008885D6 /* Debug */,
				7E9336602D7957C6008885D6 /* Release */,
			);
			defaultConfigurationIsVisible = 0;
			defaultConfigurationName = Release;
		};
/* End XCConfigurationList section */

/* Begin XCVersionGroup section */
		7E664E852D66AEC900901494 /* FeedStore.xcdatamodeld */ = {
			isa = XCVersionGroup;
			children = (
				7E664E862D66AEC900901494 /* FeedStore.xcdatamodel */,
			);
			currentVersion = 7E664E862D66AEC900901494 /* FeedStore.xcdatamodel */;
			path = FeedStore.xcdatamodeld;
			sourceTree = "<group>";
			versionGroupType = wrapper.xcdatamodel;
		};
/* End XCVersionGroup section */
	};
	rootObject = 080EDEE821B6DA7E00813479 /* Project object */;
}
